
Microsoft Visual Studio Solution File, Format Version 11.00
# Visual Studio 2010
Project("{FAE04EC0-301F-11D3-BF4B-00C04F79EFBC}") = "Sudokuer", "Sudokuer\Sudokuer.csproj", "{91CE5B18-D7EE-4375-96B0-BE8D02E7D79E}"
EndProject
Global
	GlobalSection(SolutionConfigurationPlatforms) = preSolution
		Debug|x86 = Debug|x86
		Release|x86 = Release|x86
	EndGlobalSection
	GlobalSection(ProjectConfigurationPlatforms) = postSolution
		{91CE5B18-D7EE-4375-96B0-BE8D02E7D79E}.Debug|x86.ActiveCfg = Debug|x86
		{91CE5B18-D7EE-4375-96B0-BE8D02E7D79E}.Debug|x86.Build.0 = Debug|x86
		{91CE5B18-D7EE-4375-96B0-BE8D02E7D79E}.Release|x86.ActiveCfg = Release|x86
		{91CE5B18-D7EE-4375-96B0-BE8D02E7D79E}.Release|x86.Build.0 = Release|x86
	EndGlobalSection
	GlobalSection(SolutionProperties) = preSolution
		HideSolutionNode = FALSE
	EndGlobalSection
EndGlobal
